
Microsoft Visual Studio Solution File, Format Version 12.00
# Visual Studio 15
VisualStudioVersion = 15.0.27428.2005
MinimumVisualStudioVersion = 10.0.40219.1
Project("{FAE04EC0-301F-11D3-BF4B-00C04F79EFBC}") = "EntityFrameworkTesting", "EntityFrameworkTesting\EntityFrameworkTesting.csproj", "{52B67BCF-0959-45A7-8625-D6B0B3257FEA}"
EndProject
Project("{FAE04EC0-301F-11D3-BF4B-00C04F79EFBC}") = "LegacyEF", "LegacyEF\LegacyEF.csproj", "{B6A8ACC0-F2A3-4EB1-B596-F86B6668E631}"
EndProject
Global
	GlobalSection(SolutionConfigurationPlatforms) = preSolution
		Debug|Any CPU = Debug|Any CPU
		Release|Any CPU = Release|Any CPU
	EndGlobalSection
	GlobalSection(ProjectConfigurationPlatforms) = postSolution
		{52B67BCF-0959-45A7-8625-D6B0B3257FEA}.Debug|Any CPU.ActiveCfg = Debug|Any CPU
		{52B67BCF-0959-45A7-8625-D6B0B3257FEA}.Debug|Any CPU.Build.0 = Debug|Any CPU
		{52B67BCF-0959-45A7-8625-D6B0B3257FEA}.Release|Any CPU.ActiveCfg = Release|Any CPU
		{52B67BCF-0959-45A7-8625-D6B0B3257FEA}.Release|Any CPU.Build.0 = Release|Any CPU
		{B6A8ACC0-F2A3-4EB1-B596-F86B6668E631}.Debug|Any CPU.ActiveCfg = Debug|Any CPU
		{B6A8ACC0-F2A3-4EB1-B596-F86B6668E631}.Debug|Any CPU.Build.0 = Debug|Any CPU
		{B6A8ACC0-F2A3-4EB1-B596-F86B6668E631}.Release|Any CPU.ActiveCfg = Release|Any CPU
		{B6A8ACC0-F2A3-4EB1-B596-F86B6668E631}.Release|Any CPU.Build.0 = Release|Any CPU
	EndGlobalSection
	GlobalSection(SolutionProperties) = preSolution
		HideSolutionNode = FALSE
	EndGlobalSection
	GlobalSection(ExtensibilityGlobals) = postSolution
		SolutionGuid = {CFB84248-A563-415F-A9FC-BC6622820DA6}
	EndGlobalSection
EndGlobal
