
Microsoft Visual Studio Solution File, Format Version 12.00
# Visual Studio 15
VisualStudioVersion = 15.0.27130.2024
MinimumVisualStudioVersion = 10.0.40219.1
Project("{FAE04EC0-301F-11D3-BF4B-00C04F79EFBC}") = "NameExersice", "NameExersice\NameExersice.csproj", "{C895D50D-39E6-4563-AAB1-70F2FFA72454}"
EndProject
Global
	GlobalSection(SolutionConfigurationPlatforms) = preSolution
		Debug|Any CPU = Debug|Any CPU
		Release|Any CPU = Release|Any CPU
	EndGlobalSection
	GlobalSection(ProjectConfigurationPlatforms) = postSolution
		{C895D50D-39E6-4563-AAB1-70F2FFA72454}.Debug|Any CPU.ActiveCfg = Debug|Any CPU
		{C895D50D-39E6-4563-AAB1-70F2FFA72454}.Debug|Any CPU.Build.0 = Debug|Any CPU
		{C895D50D-39E6-4563-AAB1-70F2FFA72454}.Release|Any CPU.ActiveCfg = Release|Any CPU
		{C895D50D-39E6-4563-AAB1-70F2FFA72454}.Release|Any CPU.Build.0 = Release|Any CPU
	EndGlobalSection
	GlobalSection(SolutionProperties) = preSolution
		HideSolutionNode = FALSE
	EndGlobalSection
	GlobalSection(ExtensibilityGlobals) = postSolution
		SolutionGuid = {671ADBDC-A82F-4F34-A90F-36DBB64FBAFD}
	EndGlobalSection
EndGlobal
