
Microsoft Visual Studio Solution File, Format Version 12.00
# Visual Studio 15
VisualStudioVersion = 15.0.27130.2024
MinimumVisualStudioVersion = 10.0.40219.1
Project("{FAE04EC0-301F-11D3-BF4B-00C04F79EFBC}") = "AliExample", "AliExample\AliExample.csproj", "{E993B219-B1AE-4AD6-9691-1C7822FCBEF4}"
EndProject
Global
	GlobalSection(SolutionConfigurationPlatforms) = preSolution
		Debug|Any CPU = Debug|Any CPU
		Release|Any CPU = Release|Any CPU
	EndGlobalSection
	GlobalSection(ProjectConfigurationPlatforms) = postSolution
		{E993B219-B1AE-4AD6-9691-1C7822FCBEF4}.Debug|Any CPU.ActiveCfg = Debug|Any CPU
		{E993B219-B1AE-4AD6-9691-1C7822FCBEF4}.Debug|Any CPU.Build.0 = Debug|Any CPU
		{E993B219-B1AE-4AD6-9691-1C7822FCBEF4}.Release|Any CPU.ActiveCfg = Release|Any CPU
		{E993B219-B1AE-4AD6-9691-1C7822FCBEF4}.Release|Any CPU.Build.0 = Release|Any CPU
	EndGlobalSection
	GlobalSection(SolutionProperties) = preSolution
		HideSolutionNode = FALSE
	EndGlobalSection
	GlobalSection(ExtensibilityGlobals) = postSolution
		SolutionGuid = {30E92BEB-2D37-4737-AB3D-26AAC5D22A8D}
	EndGlobalSection
EndGlobal
