
Microsoft Visual Studio Solution File, Format Version 12.00
# Visual Studio 15
VisualStudioVersion = 15.0.27428.2005
MinimumVisualStudioVersion = 10.0.40219.1
Project("{FAE04EC0-301F-11D3-BF4B-00C04F79EFBC}") = "SoftUniExercises", "SoftUniExercises\SoftUniExercises.csproj", "{0DA883DE-7110-489D-8CCF-ED43659F1842}"
EndProject
Global
	GlobalSection(SolutionConfigurationPlatforms) = preSolution
		Debug|Any CPU = Debug|Any CPU
		Release|Any CPU = Release|Any CPU
	EndGlobalSection
	GlobalSection(ProjectConfigurationPlatforms) = postSolution
		{0DA883DE-7110-489D-8CCF-ED43659F1842}.Debug|Any CPU.ActiveCfg = Debug|Any CPU
		{0DA883DE-7110-489D-8CCF-ED43659F1842}.Debug|Any CPU.Build.0 = Debug|Any CPU
		{0DA883DE-7110-489D-8CCF-ED43659F1842}.Release|Any CPU.ActiveCfg = Release|Any CPU
		{0DA883DE-7110-489D-8CCF-ED43659F1842}.Release|Any CPU.Build.0 = Release|Any CPU
	EndGlobalSection
	GlobalSection(SolutionProperties) = preSolution
		HideSolutionNode = FALSE
	EndGlobalSection
	GlobalSection(ExtensibilityGlobals) = postSolution
		SolutionGuid = {2320D345-2F18-4272-A054-4885E0D5DBAF}
	EndGlobalSection
EndGlobal
